<?xml version="1.0" encoding="utf-8"?>
<Project ToolsVersion="4.0" xmlns="http://schemas.microsoft.com/developer/msbuild/2003">
  <ItemGroup>
    <Filter Include="Application">
      <UniqueIdentifier>{bd18a62e-b4bc-426c-877f-2a1724768984}</UniqueIdentifier>
    </Filter>
    <Filter Include="Textures">
      <UniqueIdentifier>{c830dbbb-1f57-4362-bf7b-48405b579dc1}</UniqueIdentifier>
    </Filter>
    <Filter Include="Lighting">
      <UniqueIdentifier>{e9c13b9b-0173-4ef9-9349-bf45fbb987b5}</UniqueIdentifier>
    </Filter>
    <Filter Include="RenderingGeometry">
      <UniqueIdentifier>{1ef019ad-0bbe-487a-ad18-ffddc82550b8}</UniqueIdentifier>
    </Filter>
    <Filter Include="IntroToOpenGL">
      <UniqueIdentifier>{2ce7e9d0-0a9b-4d6d-903f-56c011f91b6f}</UniqueIdentifier>
    </Filter>
    <Filter Include="AdvancedTextures">
      <UniqueIdentifier>{5d37d0ea-1006-44a4-9ecb-0c18ce394e95}</UniqueIdentifier>
    </Filter>
    <Filter Include="CameraAndProjections">
      <UniqueIdentifier>{abe2a673-7c9b-42e1-9ec2-6f8f67734715}</UniqueIdentifier>
    </Filter>
    <Filter Include="Utility">
      <UniqueIdentifier>{16e09529-2f86-4f56-ab32-a6110ad0376c}</UniqueIdentifier>
    </Filter>
    <Filter Include="Quaternions">
      <UniqueIdentifier>{7883af00-2ec0-459d-9511-26c1d560eff2}</UniqueIdentifier>
    </Filter>
    <Filter Include="Animation">
      <UniqueIdentifier>{12b241d2-4b98-45c4-b055-242a07d7908e}</UniqueIdentifier>
    </Filter>
    <Filter Include="Particles">
      <UniqueIdentifier>{88d4c2bb-b637-4a58-83f9-0598a4c93547}</UniqueIdentifier>
    </Filter>
    <Filter Include="GPUParticles">
      <UniqueIdentifier>{3d534604-2f57-476d-a69d-40f1b4603c1b}</UniqueIdentifier>
    </Filter>
    <Filter Include="Scene Management">
      <UniqueIdentifier>{d2df0ad6-c32c-4940-9e5a-9a29298f0691}</UniqueIdentifier>
    </Filter>
  </ItemGroup>
  <ItemGroup>
    <ClCompile Include="src\CameraAndProjections.cpp">
      <Filter>CameraAndProjections</Filter>
    </ClCompile>
    <ClCompile Include="src\Application.cpp">
      <Filter>Application</Filter>
    </ClCompile>
    <ClCompile Include="src\Textures.cpp">
      <Filter>Textures</Filter>
    </ClCompile>
    <ClCompile Include="src\RenderingGeometry.cpp">
      <Filter>RenderingGeometry</Filter>
    </ClCompile>
    <ClCompile Include="src\IntroToOpenGL.cpp">
      <Filter>IntroToOpenGL</Filter>
    </ClCompile>
    <ClCompile Include="src\AdvancedTextures.cpp">
      <Filter>AdvancedTextures</Filter>
    </ClCompile>
    <ClCompile Include="src\Camera.cpp">
      <Filter>Utility</Filter>
    </ClCompile>
    <ClCompile Include="src\Gizmos.cpp">
      <Filter>Utility</Filter>
    </ClCompile>
    <ClCompile Include="src\gl_core_4_4.c">
      <Filter>Utility</Filter>
    </ClCompile>
    <ClCompile Include="src\tiny_obj_loader.cc">
      <Filter>Utility</Filter>
    </ClCompile>
    <ClCompile Include="src\Utility.cpp">
      <Filter>Utility</Filter>
    </ClCompile>
    <ClCompile Include="src\main.cpp" />
    <ClCompile Include="src\Lighting.cpp">
      <Filter>Lighting</Filter>
    </ClCompile>
    <ClCompile Include="src\Quaternions.cpp">
      <Filter>Quaternions</Filter>
    </ClCompile>
    <ClCompile Include="src\Animation.cpp">
      <Filter>Animation</Filter>
    </ClCompile>
    <ClCompile Include="src\Particles.cpp">
      <Filter>Particles</Filter>
    </ClCompile>
    <ClCompile Include="src\Emitter.cpp">
      <Filter>Particles</Filter>
    </ClCompile>
    <ClCompile Include="src\GPUEmitter.cpp">
      <Filter>GPUParticles</Filter>
    </ClCompile>
    <ClCompile Include="src\GPUParticles.cpp">
      <Filter>GPUParticles</Filter>
    </ClCompile>
    <ClCompile Include="src\BoundingVolumes.cpp">
      <Filter>Utility</Filter>
    </ClCompile>
    <ClCompile Include="src\SceneManagement.cpp">
      <Filter>Scene Management</Filter>
    </ClCompile>
  </ItemGroup>
  <ItemGroup>
    <ClInclude Include="src\Application.h">
      <Filter>Application</Filter>
    </ClInclude>
    <ClInclude Include="src\Textures.h">
      <Filter>Textures</Filter>
    </ClInclude>
    <ClInclude Include="src\RenderingGeometry.h">
      <Filter>RenderingGeometry</Filter>
    </ClInclude>
    <ClInclude Include="src\IntroToOpenGL.h">
      <Filter>IntroToOpenGL</Filter>
    </ClInclude>
    <ClInclude Include="src\AdvancedTextures.h">
      <Filter>AdvancedTextures</Filter>
    </ClInclude>
    <ClInclude Include="src\CameraAndProjections.h">
      <Filter>CameraAndProjections</Filter>
    </ClInclude>
    <ClInclude Include="src\Camera.h">
      <Filter>Utility</Filter>
    </ClInclude>
    <ClInclude Include="src\Gizmos.h">
      <Filter>Utility</Filter>
    </ClInclude>
    <ClInclude Include="src\gl_core_4_4.h">
      <Filter>Utility</Filter>
    </ClInclude>
    <ClInclude Include="src\glm_header.h">
      <Filter>Utility</Filter>
    </ClInclude>
    <ClInclude Include="src\stb_image.h">
      <Filter>Utility</Filter>
    </ClInclude>
    <ClInclude Include="src\tiny_obj_loader.h">
      <Filter>Utility</Filter>
    </ClInclude>
    <ClInclude Include="src\Utility.h">
      <Filter>Utility</Filter>
    </ClInclude>
    <ClInclude Include="src\Vertex.h">
      <Filter>Utility</Filter>
    </ClInclude>
    <ClInclude Include="src\Lighting.h">
      <Filter>Lighting</Filter>
    </ClInclude>
    <ClInclude Include="src\Quaternions.h">
      <Filter>Quaternions</Filter>
    </ClInclude>
    <ClInclude Include="src\Animation.h">
      <Filter>Animation</Filter>
    </ClInclude>
    <ClInclude Include="deps\fbxloader\FBXFile.h">
      <Filter>Utility</Filter>
    </ClInclude>
    <ClInclude Include="src\Particles.h">
      <Filter>Particles</Filter>
    </ClInclude>
    <ClInclude Include="src\Emitter.h">
      <Filter>Particles</Filter>
    </ClInclude>
    <ClInclude Include="src\GPUEmitter.h">
      <Filter>GPUParticles</Filter>
    </ClInclude>
    <ClInclude Include="src\GPUParticles.h">
      <Filter>GPUParticles</Filter>
    </ClInclude>
    <ClInclude Include="src\BoundingVolumes.h">
      <Filter>Utility</Filter>
    </ClInclude>
    <ClInclude Include="src\SceneManagement.h">
      <Filter>Scene Management</Filter>
    </ClInclude>
  </ItemGroup>
  <ItemGroup>
    <None Include="data\shaders\lighting_fragment.glsl">
      <Filter>Lighting</Filter>
    </None>
    <None Include="data\shaders\lighting_vertex.glsl">
      <Filter>Lighting</Filter>
    </None>
    <None Include="data\shaders\geometry_fragment.glsl">
      <Filter>RenderingGeometry</Filter>
    </None>
    <None Include="data\shaders\geometry_vertex.glsl">
      <Filter>RenderingGeometry</Filter>
    </None>
    <None Include="data\shaders\textures_vertex.glsl">
      <Filter>Textures</Filter>
    </None>
    <None Include="data\shaders\textures_fragment.glsl">
      <Filter>Textures</Filter>
    </None>
    <None Include="data\shaders\normal_mapped_vertex.glsl">
      <Filter>AdvancedTextures</Filter>
    </None>
    <None Include="data\shaders\normal_mapped_fragment.glsl">
      <Filter>AdvancedTextures</Filter>
    </None>
    <None Include="data\shaders\skinned_fragment.glsl">
      <Filter>Animation</Filter>
    </None>
    <None Include="data\shaders\skinned_vertex.glsl">
      <Filter>Animation</Filter>
    </None>
    <None Include="data\shaders\particles_fragment.glsl">
      <Filter>Particles</Filter>
    </None>
    <None Include="data\shaders\particles_vertex.glsl">
      <Filter>Particles</Filter>
    </None>
    <None Include="data\shaders\fragment.glsl">
      <Filter>Application</Filter>
    </None>
    <None Include="data\shaders\vertex.glsl">
      <Filter>Application</Filter>
    </None>
    <None Include="data\shaders\gpuparticles_fragment.glsl">
      <Filter>GPUParticles</Filter>
    </None>
    <None Include="data\shaders\gpuparticles_geometry.glsl">
      <Filter>GPUParticles</Filter>
    </None>
    <None Include="data\shaders\gpuparticles_update_vertex.glsl">
      <Filter>GPUParticles</Filter>
    </None>
    <None Include="data\shaders\gpuparticles_vertex.glsl">
      <Filter>GPUParticles</Filter>
    </None>
  </ItemGroup>
</Project>