<?xml version="1.0" encoding="utf-8"?>
<Project ToolsVersion="4.0" xmlns="http://schemas.microsoft.com/developer/msbuild/2003">
  <ItemGroup>
    <Filter Include="Application">
      <UniqueIdentifier>{bd18a62e-b4bc-426c-877f-2a1724768984}</UniqueIdentifier>
    </Filter>
    <Filter Include="Textures">
      <UniqueIdentifier>{c830dbbb-1f57-4362-bf7b-48405b579dc1}</UniqueIdentifier>
    </Filter>
    <Filter Include="Lighting">
      <UniqueIdentifier>{e9c13b9b-0173-4ef9-9349-bf45fbb987b5}</UniqueIdentifier>
    </Filter>
    <Filter Include="RenderingGeometry">
      <UniqueIdentifier>{1ef019ad-0bbe-487a-ad18-ffddc82550b8}</UniqueIdentifier>
    </Filter>
    <Filter Include="IntroToOpenGL">
      <UniqueIdentifier>{2ce7e9d0-0a9b-4d6d-903f-56c011f91b6f}</UniqueIdentifier>
    </Filter>
    <Filter Include="AdvancedTextures">
      <UniqueIdentifier>{5d37d0ea-1006-44a4-9ecb-0c18ce394e95}</UniqueIdentifier>
    </Filter>
    <Filter Include="CameraAndProjections">
      <UniqueIdentifier>{abe2a673-7c9b-42e1-9ec2-6f8f67734715}</UniqueIdentifier>
    </Filter>
    <Filter Include="Utility">
      <UniqueIdentifier>{16e09529-2f86-4f56-ab32-a6110ad0376c}</UniqueIdentifier>
    </Filter>
    <Filter Include="Quaternions">
      <UniqueIdentifier>{7883af00-2ec0-459d-9511-26c1d560eff2}</UniqueIdentifier>
    </Filter>
    <Filter Include="Animation">
      <UniqueIdentifier>{12b241d2-4b98-45c4-b055-242a07d7908e}</UniqueIdentifier>
    </Filter>
    <Filter Include="Particles">
      <UniqueIdentifier>{88d4c2bb-b637-4a58-83f9-0598a4c93547}</UniqueIdentifier>
    </Filter>
    <Filter Include="GPUParticles">
      <UniqueIdentifier>{3d534604-2f57-476d-a69d-40f1b4603c1b}</UniqueIdentifier>
    </Filter>
    <Filter Include="Scene Management">
      <UniqueIdentifier>{d2df0ad6-c32c-4940-9e5a-9a29298f0691}</UniqueIdentifier>
    </Filter>
    <Filter Include="RenderTargets">
      <UniqueIdentifier>{1f3115f6-622b-4dd6-bac4-176a6e3d6f33}</UniqueIdentifier>
    </Filter>
    <Filter Include="PostProcessing">
      <UniqueIdentifier>{23d7035b-4fea-44e1-a403-1b4ef3d475e6}</UniqueIdentifier>
    </Filter>
    <Filter Include="Shadows">
      <UniqueIdentifier>{de90b12e-2838-4a77-bd71-c91a35dc2679}</UniqueIdentifier>
    </Filter>
    <Filter Include="DeferredRendering">
      <UniqueIdentifier>{1eeecb9d-5ba2-475e-b461-8509395e0566}</UniqueIdentifier>
    </Filter>
    <Filter Include="ProceduralGeneration">
      <UniqueIdentifier>{b2f5a4c3-b7fa-47c2-9708-2d92282dde89}</UniqueIdentifier>
    </Filter>
    <Filter Include="AdvancedNavigation">
      <UniqueIdentifier>{048e4756-4467-4cde-a065-709a606b5c7d}</UniqueIdentifier>
    </Filter>
    <Filter Include="GameTreeSearch">
      <UniqueIdentifier>{589448d1-703b-4d5e-b169-2b5e0835a389}</UniqueIdentifier>
    </Filter>
    <Filter Include="VirtualWorld">
      <UniqueIdentifier>{c0ded35e-772a-4db3-a3b9-b74f400cdc05}</UniqueIdentifier>
    </Filter>
    <Filter Include="Physics">
      <UniqueIdentifier>{35a1c7cc-5079-40cf-930a-9f806e9fbb11}</UniqueIdentifier>
    </Filter>
    <Filter Include="CollisionShapeHierarchies">
      <UniqueIdentifier>{0f80ad8b-6df4-4fc5-a888-38d06e296655}</UniqueIdentifier>
    </Filter>
    <Filter Include="PhysicallyBasedRendering">
      <UniqueIdentifier>{cd6aa32a-c041-487b-ac2c-d1f313aad8c7}</UniqueIdentifier>
    </Filter>
    <Filter Include="PhysX">
      <UniqueIdentifier>{ca9e359d-b66b-470e-9a5e-764b54ce038b}</UniqueIdentifier>
    </Filter>
  </ItemGroup>
  <ItemGroup>
    <ClCompile Include="src\CameraAndProjections.cpp">
      <Filter>CameraAndProjections</Filter>
    </ClCompile>
    <ClCompile Include="src\Application.cpp">
      <Filter>Application</Filter>
    </ClCompile>
    <ClCompile Include="src\Textures.cpp">
      <Filter>Textures</Filter>
    </ClCompile>
    <ClCompile Include="src\RenderingGeometry.cpp">
      <Filter>RenderingGeometry</Filter>
    </ClCompile>
    <ClCompile Include="src\IntroToOpenGL.cpp">
      <Filter>IntroToOpenGL</Filter>
    </ClCompile>
    <ClCompile Include="src\AdvancedTextures.cpp">
      <Filter>AdvancedTextures</Filter>
    </ClCompile>
    <ClCompile Include="src\Camera.cpp">
      <Filter>Utility</Filter>
    </ClCompile>
    <ClCompile Include="src\Gizmos.cpp">
      <Filter>Utility</Filter>
    </ClCompile>
    <ClCompile Include="src\gl_core_4_4.c">
      <Filter>Utility</Filter>
    </ClCompile>
    <ClCompile Include="src\tiny_obj_loader.cc">
      <Filter>Utility</Filter>
    </ClCompile>
    <ClCompile Include="src\Utility.cpp">
      <Filter>Utility</Filter>
    </ClCompile>
    <ClCompile Include="src\main.cpp" />
    <ClCompile Include="src\Lighting.cpp">
      <Filter>Lighting</Filter>
    </ClCompile>
    <ClCompile Include="src\Quaternions.cpp">
      <Filter>Quaternions</Filter>
    </ClCompile>
    <ClCompile Include="src\Animation.cpp">
      <Filter>Animation</Filter>
    </ClCompile>
    <ClCompile Include="src\Particles.cpp">
      <Filter>Particles</Filter>
    </ClCompile>
    <ClCompile Include="src\Emitter.cpp">
      <Filter>Particles</Filter>
    </ClCompile>
    <ClCompile Include="src\GPUEmitter.cpp">
      <Filter>GPUParticles</Filter>
    </ClCompile>
    <ClCompile Include="src\GPUParticles.cpp">
      <Filter>GPUParticles</Filter>
    </ClCompile>
    <ClCompile Include="src\BoundingVolumes.cpp">
      <Filter>Utility</Filter>
    </ClCompile>
    <ClCompile Include="src\SceneManagement.cpp">
      <Filter>Scene Management</Filter>
    </ClCompile>
    <ClCompile Include="src\RenderTargets.cpp">
      <Filter>RenderTargets</Filter>
    </ClCompile>
    <ClCompile Include="src\PostProcessing.cpp">
      <Filter>PostProcessing</Filter>
    </ClCompile>
    <ClCompile Include="src\Shadows.cpp">
      <Filter>Shadows</Filter>
    </ClCompile>
    <ClCompile Include="src\DeferredRendering.cpp">
      <Filter>DeferredRendering</Filter>
    </ClCompile>
    <ClCompile Include="src\ProceduralGeneration.cpp">
      <Filter>ProceduralGeneration</Filter>
    </ClCompile>
    <ClCompile Include="src\AdvancedNavigation.cpp">
      <Filter>AdvancedNavigation</Filter>
    </ClCompile>
    <ClCompile Include="src\GameTreeSearch.cpp">
      <Filter>GameTreeSearch</Filter>
    </ClCompile>
    <ClCompile Include="src\ConnectFour.cpp">
      <Filter>GameTreeSearch</Filter>
    </ClCompile>
    <ClCompile Include="src\AIMCTS.cpp">
      <Filter>GameTreeSearch</Filter>
    </ClCompile>
    <ClCompile Include="src\VirtualWorld.cpp">
      <Filter>VirtualWorld</Filter>
    </ClCompile>
    <ClCompile Include="src\Physics.cpp">
      <Filter>Physics</Filter>
    </ClCompile>
    <ClCompile Include="src\PhysicsObject.cpp">
      <Filter>Physics</Filter>
    </ClCompile>
    <ClCompile Include="src\CollisionShapeHierarchies.cpp">
      <Filter>CollisionShapeHierarchies</Filter>
    </ClCompile>
    <ClCompile Include="src\FBXModel.cpp">
      <Filter>Utility</Filter>
    </ClCompile>
    <ClCompile Include="src\PBR.cpp">
      <Filter>PhysicallyBasedRendering</Filter>
    </ClCompile>
    <ClCompile Include="src\PhysX.cpp">
      <Filter>PhysX</Filter>
    </ClCompile>
    <ClCompile Include="src\PhysScene.cpp">
      <Filter>PhysX</Filter>
    </ClCompile>
  </ItemGroup>
  <ItemGroup>
    <ClInclude Include="src\Application.h">
      <Filter>Application</Filter>
    </ClInclude>
    <ClInclude Include="src\Textures.h">
      <Filter>Textures</Filter>
    </ClInclude>
    <ClInclude Include="src\RenderingGeometry.h">
      <Filter>RenderingGeometry</Filter>
    </ClInclude>
    <ClInclude Include="src\IntroToOpenGL.h">
      <Filter>IntroToOpenGL</Filter>
    </ClInclude>
    <ClInclude Include="src\AdvancedTextures.h">
      <Filter>AdvancedTextures</Filter>
    </ClInclude>
    <ClInclude Include="src\CameraAndProjections.h">
      <Filter>CameraAndProjections</Filter>
    </ClInclude>
    <ClInclude Include="src\Camera.h">
      <Filter>Utility</Filter>
    </ClInclude>
    <ClInclude Include="src\Gizmos.h">
      <Filter>Utility</Filter>
    </ClInclude>
    <ClInclude Include="src\gl_core_4_4.h">
      <Filter>Utility</Filter>
    </ClInclude>
    <ClInclude Include="src\glm_header.h">
      <Filter>Utility</Filter>
    </ClInclude>
    <ClInclude Include="src\stb_image.h">
      <Filter>Utility</Filter>
    </ClInclude>
    <ClInclude Include="src\tiny_obj_loader.h">
      <Filter>Utility</Filter>
    </ClInclude>
    <ClInclude Include="src\Utility.h">
      <Filter>Utility</Filter>
    </ClInclude>
    <ClInclude Include="src\Vertex.h">
      <Filter>Utility</Filter>
    </ClInclude>
    <ClInclude Include="src\Lighting.h">
      <Filter>Lighting</Filter>
    </ClInclude>
    <ClInclude Include="src\Quaternions.h">
      <Filter>Quaternions</Filter>
    </ClInclude>
    <ClInclude Include="src\Animation.h">
      <Filter>Animation</Filter>
    </ClInclude>
    <ClInclude Include="deps\fbxloader\FBXFile.h">
      <Filter>Utility</Filter>
    </ClInclude>
    <ClInclude Include="src\Particles.h">
      <Filter>Particles</Filter>
    </ClInclude>
    <ClInclude Include="src\Emitter.h">
      <Filter>Particles</Filter>
    </ClInclude>
    <ClInclude Include="src\GPUEmitter.h">
      <Filter>GPUParticles</Filter>
    </ClInclude>
    <ClInclude Include="src\GPUParticles.h">
      <Filter>GPUParticles</Filter>
    </ClInclude>
    <ClInclude Include="src\BoundingVolumes.h">
      <Filter>Utility</Filter>
    </ClInclude>
    <ClInclude Include="src\SceneManagement.h">
      <Filter>Scene Management</Filter>
    </ClInclude>
    <ClInclude Include="src\RenderTargets.h">
      <Filter>RenderTargets</Filter>
    </ClInclude>
    <ClInclude Include="src\PostProcessing.h">
      <Filter>PostProcessing</Filter>
    </ClInclude>
    <ClInclude Include="src\Shadows.h">
      <Filter>Shadows</Filter>
    </ClInclude>
    <ClInclude Include="src\DeferredRendering.h">
      <Filter>DeferredRendering</Filter>
    </ClInclude>
    <ClInclude Include="src\ProceduralGeneration.h">
      <Filter>ProceduralGeneration</Filter>
    </ClInclude>
    <ClInclude Include="src\AdvancedNavigation.h">
      <Filter>AdvancedNavigation</Filter>
    </ClInclude>
    <ClInclude Include="src\GameTreeSearch.h">
      <Filter>GameTreeSearch</Filter>
    </ClInclude>
    <ClInclude Include="src\ConnectFour.h">
      <Filter>GameTreeSearch</Filter>
    </ClInclude>
    <ClInclude Include="src\AIBase.h">
      <Filter>GameTreeSearch</Filter>
    </ClInclude>
    <ClInclude Include="src\AIMCTS.h">
      <Filter>GameTreeSearch</Filter>
    </ClInclude>
    <ClInclude Include="src\VirtualWorld.h">
      <Filter>VirtualWorld</Filter>
    </ClInclude>
    <ClInclude Include="src\Physics.h">
      <Filter>Physics</Filter>
    </ClInclude>
    <ClInclude Include="src\CollisionShapeHierarchies.h">
      <Filter>CollisionShapeHierarchies</Filter>
    </ClInclude>
    <ClInclude Include="src\FBXModel.h">
      <Filter>Utility</Filter>
    </ClInclude>
    <ClInclude Include="src\PBR.h">
      <Filter>PhysicallyBasedRendering</Filter>
    </ClInclude>
    <ClInclude Include="src\PhysicsObject.h">
      <Filter>Physics</Filter>
    </ClInclude>
    <ClInclude Include="src\PhysX.h">
      <Filter>PhysX</Filter>
    </ClInclude>
    <ClInclude Include="src\PhysScene.h">
      <Filter>PhysX</Filter>
    </ClInclude>
  </ItemGroup>
  <ItemGroup>
    <None Include="data\shaders\lighting_fragment.glsl">
      <Filter>Lighting</Filter>
    </None>
    <None Include="data\shaders\geometry_fragment.glsl">
      <Filter>RenderingGeometry</Filter>
    </None>
    <None Include="data\shaders\geometry_vertex.glsl">
      <Filter>RenderingGeometry</Filter>
    </None>
    <None Include="data\shaders\textures_vertex.glsl">
      <Filter>Textures</Filter>
    </None>
    <None Include="data\shaders\textures_fragment.glsl">
      <Filter>Textures</Filter>
    </None>
    <None Include="data\shaders\normal_mapped_vertex.glsl">
      <Filter>AdvancedTextures</Filter>
    </None>
    <None Include="data\shaders\normal_mapped_fragment.glsl">
      <Filter>AdvancedTextures</Filter>
    </None>
    <None Include="data\shaders\particles_fragment.glsl">
      <Filter>Particles</Filter>
    </None>
    <None Include="data\shaders\particles_vertex.glsl">
      <Filter>Particles</Filter>
    </None>
    <None Include="data\shaders\fragment.glsl">
      <Filter>Application</Filter>
    </None>
    <None Include="data\shaders\vertex.glsl">
      <Filter>Application</Filter>
    </None>
    <None Include="data\shaders\gpuparticles_fragment.glsl">
      <Filter>GPUParticles</Filter>
    </None>
    <None Include="data\shaders\gpuparticles_geometry.glsl">
      <Filter>GPUParticles</Filter>
    </None>
    <None Include="data\shaders\gpuparticles_update_vertex.glsl">
      <Filter>GPUParticles</Filter>
    </None>
    <None Include="data\shaders\gpuparticles_vertex.glsl">
      <Filter>GPUParticles</Filter>
    </None>
    <None Include="data\shaders\lighting_vertex.glsl">
      <Filter>Lighting</Filter>
    </None>
    <None Include="data\shaders\reflective_fragment.glsl">
      <Filter>RenderTargets</Filter>
    </None>
    <None Include="data\shaders\reflective_vertex.glsl">
      <Filter>RenderTargets</Filter>
    </None>
    <None Include="data\shaders\post_fragment.glsl">
      <Filter>PostProcessing</Filter>
    </None>
    <None Include="data\shaders\post_vertex.glsl">
      <Filter>PostProcessing</Filter>
    </None>
    <None Include="data\shaders\diffuse_shadowed_fragment.glsl">
      <Filter>Shadows</Filter>
    </None>
    <None Include="data\shaders\diffuse_shadowed_vertex.glsl">
      <Filter>Shadows</Filter>
    </None>
    <None Include="data\shaders\shadowed_fragment.glsl">
      <Filter>Shadows</Filter>
    </None>
    <None Include="data\shaders\shadowed_vertex.glsl">
      <Filter>Shadows</Filter>
    </None>
    <None Include="data\shaders\composite_fragment.glsl">
      <Filter>DeferredRendering</Filter>
    </None>
    <None Include="data\shaders\composite_vertex.glsl">
      <Filter>DeferredRendering</Filter>
    </None>
    <None Include="data\shaders\gbuffer_fragment.glsl">
      <Filter>DeferredRendering</Filter>
    </None>
    <None Include="data\shaders\gbuffer_vertex.glsl">
      <Filter>DeferredRendering</Filter>
    </None>
    <None Include="data\shaders\point_light_fragment.glsl">
      <Filter>DeferredRendering</Filter>
    </None>
    <None Include="data\shaders\point_light_vertex.glsl">
      <Filter>DeferredRendering</Filter>
    </None>
    <None Include="data\shaders\directional_light_fragment.glsl">
      <Filter>DeferredRendering</Filter>
    </None>
    <None Include="data\shaders\perlin_fragment.glsl">
      <Filter>ProceduralGeneration</Filter>
    </None>
    <None Include="data\shaders\perlin_vertex.glsl">
      <Filter>ProceduralGeneration</Filter>
    </None>
    <None Include="data\shaders\navmesh_vertex.glsl">
      <Filter>AdvancedNavigation</Filter>
    </None>
    <None Include="data\shaders\navmesh_fragment.glsl">
      <Filter>AdvancedNavigation</Filter>
    </None>
    <None Include="data\shaders\gbuffer_textured_fragment.glsl">
      <Filter>DeferredRendering</Filter>
    </None>
    <None Include="data\shaders\skinned_fragment_phong.glsl">
      <Filter>Animation</Filter>
    </None>
    <None Include="data\shaders\skinned_fragment_pbr.glsl">
      <Filter>Animation</Filter>
    </None>
    <None Include="data\shaders\cloth_vertex.glsl">
      <Filter>PhysX</Filter>
    </None>
    <None Include="data\shaders\directional_light_vertex.glsl">
      <Filter>DeferredRendering</Filter>
    </None>
    <None Include="data\shaders\skinned_vertex.glsl">
      <Filter>Animation</Filter>
    </None>
    <None Include="data\shaders\skinned_vertex_anim.glsl">
      <Filter>Animation</Filter>
    </None>
  </ItemGroup>
</Project>